
Microsoft Visual Studio Solution File, Format Version 12.00
# Visual Studio 2012
Project("{FAE04EC0-301F-11D3-BF4B-00C04F79EFBC}") = "RuleEngine", "RuleEngine\RuleEngine.csproj", "{DF4F96BC-A993-4778-95E0-8D5C6FA6857E}"
EndProject
Global
	GlobalSection(SolutionConfigurationPlatforms) = preSolution
		Debug|Any CPU = Debug|Any CPU
		Release|Any CPU = Release|Any CPU
	EndGlobalSection
	GlobalSection(ProjectConfigurationPlatforms) = postSolution
		{DF4F96BC-A993-4778-95E0-8D5C6FA6857E}.Debug|Any CPU.ActiveCfg = Debug|Any CPU
		{DF4F96BC-A993-4778-95E0-8D5C6FA6857E}.Debug|Any CPU.Build.0 = Debug|Any CPU
		{DF4F96BC-A993-4778-95E0-8D5C6FA6857E}.Release|Any CPU.ActiveCfg = Release|Any CPU
		{DF4F96BC-A993-4778-95E0-8D5C6FA6857E}.Release|Any CPU.Build.0 = Release|Any CPU
	EndGlobalSection
	GlobalSection(SolutionProperties) = preSolution
		HideSolutionNode = FALSE
	EndGlobalSection
EndGlobal
